using System;
using System.Linq;

namespace osama
{
    class Program
    {
        static void Main(string[] args)
        {
            Person person1 = new Person();
            Console.WriteLine("Geben Sie der Vorname an : ");
            while (true)
            {
                string firstName = Console.ReadLine();
                if (string.IsNullOrWhiteSpace(firstName) || !firstName.All(char.IsLetter))
                {
                    Console.WriteLine("Falsche Eingabe");
                    continue;
                }
                person1.SetFirstname(firstName);
                break;
            }

            Console.WriteLine("Geben Sie der Nachname an : ");
            while (true)
            {
                string nachName = Console.ReadLine();
                if (string.IsNullOrWhiteSpace(nachName) || !nachName.All(char.IsLetter))
                {
                    Console.WriteLine("Falsche Eingabe");
                    continue;
                }
                person1.SetLastname(nachName);
                break;
            }

            person1.SetBirthday();

            DateTime birthday = person1.GetBirthday();

            Console.WriteLine($"{person1.GetFirstname()} {person1.GetLastname()}");

            Console.WriteLine($"geboren am {birthday:dd.MM.yyyy}");

            if (birthday.Month == DateTime.Today.Month && birthday.Day == DateTime.Today.Day)
            {
                Console.WriteLine($"Happy Birthday");
            }
            int age = DateTime.Today.Year - birthday.Year;
            Console.WriteLine($"{age} Jahre alt");
            Console.ReadLine();
        }
    }
    class Person
    {
        private string name;
        private string last_name;
        private DateTime birthday;

        public string GetFirstname()
        {
            return name;
        }
        public void SetFirstname(string f)
        {
            if (name == null)
            {
                name = f;
            }

        }
        public string GetLastname()
        {
            return last_name;
        }
        public void SetLastname(string l)
        {
            if (last_name == null)
            {
                last_name = l;
            }
        }
        public DateTime GetBirthday()
        {
            return birthday;
        }
        public void SetBirthday()
        {
            while (true)
            {
                Console.WriteLine("Geben Sie den GeburtsTag an : ");
                string tagInput = Console.ReadLine();
                if (!int.TryParse(tagInput, out int tag))
                {
                    Console.WriteLine("Bitte geben Sie eine ganze Zahl ein.");
                    continue;
                }

                Console.WriteLine("Geben Sie den GeburtsMonat an : ");
                string monatInput = Console.ReadLine();
                if (!int.TryParse(monatInput, out int monat))
                {
                    Console.WriteLine("Bitte geben Sie eine ganze Zahl ein.");
                    continue;
                }

                Console.WriteLine("Geben Sie den GeburtsJahr an : ");
                string jahrInput = Console.ReadLine();
                if (!int.TryParse(jahrInput, out int jahr))
                {
                    Console.WriteLine("Bitte geben Sie eine ganze Zahl ein.");
                    continue;
                }

                if (DateTime.TryParse($"{tag}.{monat}.{jahr}", out DateTime pd))
                {
                    birthday = pd;
                    break;
                }
                else
                {
                    Console.WriteLine("Datum ist Falsch");
                    continue;
                }
            }
        }
    }
}
